
Microsoft Visual Studio Solution File, Format Version 12.00
# Visual Studio Version 16
VisualStudioVersion = 16.0.29806.167
MinimumVisualStudioVersion = 10.0.40219.1
Project("{FAE04EC0-301F-11D3-BF4B-00C04F79EFBC}") = "Miller-RabinTest", "Miller-RabinTest\Miller-RabinTest.csproj", "{9473B71F-A676-413C-AD1A-BB6CCDC43F01}"
EndProject
Project("{FAE04EC0-301F-11D3-BF4B-00C04F79EFBC}") = "Miller-RabinTestTests", "Miller-RabinTest Tests\Miller-RabinTestTests.csproj", "{CC4A207F-22CE-4502-A7AD-B1C17854991F}"
EndProject
Global
	GlobalSection(SolutionConfigurationPlatforms) = preSolution
		Debug|Any CPU = Debug|Any CPU
		Release|Any CPU = Release|Any CPU
	EndGlobalSection
	GlobalSection(ProjectConfigurationPlatforms) = postSolution
		{9473B71F-A676-413C-AD1A-BB6CCDC43F01}.Debug|Any CPU.ActiveCfg = Debug|Any CPU
		{9473B71F-A676-413C-AD1A-BB6CCDC43F01}.Debug|Any CPU.Build.0 = Debug|Any CPU
		{9473B71F-A676-413C-AD1A-BB6CCDC43F01}.Release|Any CPU.ActiveCfg = Release|Any CPU
		{9473B71F-A676-413C-AD1A-BB6CCDC43F01}.Release|Any CPU.Build.0 = Release|Any CPU
		{CC4A207F-22CE-4502-A7AD-B1C17854991F}.Debug|Any CPU.ActiveCfg = Debug|Any CPU
		{CC4A207F-22CE-4502-A7AD-B1C17854991F}.Debug|Any CPU.Build.0 = Debug|Any CPU
		{CC4A207F-22CE-4502-A7AD-B1C17854991F}.Release|Any CPU.ActiveCfg = Release|Any CPU
		{CC4A207F-22CE-4502-A7AD-B1C17854991F}.Release|Any CPU.Build.0 = Release|Any CPU
	EndGlobalSection
	GlobalSection(SolutionProperties) = preSolution
		HideSolutionNode = FALSE
	EndGlobalSection
	GlobalSection(ExtensibilityGlobals) = postSolution
		SolutionGuid = {C86F69B4-42BD-4F15-8E7F-AE2E7895DC31}
	EndGlobalSection
EndGlobal
